
Microsoft Visual Studio Solution File, Format Version 12.00
# Visual Studio Version 17
VisualStudioVersion = 17.1.32328.378
MinimumVisualStudioVersion = 10.0.40219.1
Project("{FAE04EC0-301F-11D3-BF4B-00C04F79EFBC}") = "AppInvoice", "AppInvoice.csproj", "{6E29F959-8CD9-4BA8-9EDF-E3B1727838AD}"
EndProject
Global
	GlobalSection(SolutionConfigurationPlatforms) = preSolution
		Debug|Any CPU = Debug|Any CPU
		Release|Any CPU = Release|Any CPU
	EndGlobalSection
	GlobalSection(ProjectConfigurationPlatforms) = postSolution
		{6E29F959-8CD9-4BA8-9EDF-E3B1727838AD}.Debug|Any CPU.ActiveCfg = Debug|Any CPU
		{6E29F959-8CD9-4BA8-9EDF-E3B1727838AD}.Debug|Any CPU.Build.0 = Debug|Any CPU
		{6E29F959-8CD9-4BA8-9EDF-E3B1727838AD}.Release|Any CPU.ActiveCfg = Release|Any CPU
		{6E29F959-8CD9-4BA8-9EDF-E3B1727838AD}.Release|Any CPU.Build.0 = Release|Any CPU
	EndGlobalSection
	GlobalSection(SolutionProperties) = preSolution
		HideSolutionNode = FALSE
	EndGlobalSection
	GlobalSection(ExtensibilityGlobals) = postSolution
		SolutionGuid = {FCBA2212-A9C2-4361-9939-27F722153A28}
	EndGlobalSection
EndGlobal
